
Microsoft Visual Studio Solution File, Format Version 12.00
# Visual Studio 15
VisualStudioVersion = 15.0.26124.0
MinimumVisualStudioVersion = 15.0.26124.0
Project("{FAE04EC0-301F-11D3-BF4B-00C04F79EFBC}") = "Microservice.Application", "Microservice.Application\Microservice.Application.csproj", "{F6CE2E37-9A69-49B4-A8C2-AD54343F78DC}"
EndProject
Project("{FAE04EC0-301F-11D3-BF4B-00C04F79EFBC}") = "Microservice.Domain", "Microservice.Domain\Microservice.Domain.csproj", "{77AC0E2A-2BB7-46E8-ACA2-82E5FEBB65B2}"
EndProject
Project("{FAE04EC0-301F-11D3-BF4B-00C04F79EFBC}") = "Microservice.Infra.CrossCutting.IoC", "Microservice.Infra.CrossCutting.IoC\Microservice.Infra.CrossCutting.IoC.csproj", "{F364E897-2D63-4ECD-B4B2-77C6AAEC67FB}"
EndProject
Project("{FAE04EC0-301F-11D3-BF4B-00C04F79EFBC}") = "Microservice.Infra.Data", "Microservice.Infra.Data\Microservice.Infra.Data.csproj", "{BA4CD43F-1186-4732-B245-AE3A8C109D56}"
EndProject
Global
	GlobalSection(SolutionConfigurationPlatforms) = preSolution
		Debug|Any CPU = Debug|Any CPU
		Debug|x64 = Debug|x64
		Debug|x86 = Debug|x86
		Release|Any CPU = Release|Any CPU
		Release|x64 = Release|x64
		Release|x86 = Release|x86
	EndGlobalSection
	GlobalSection(SolutionProperties) = preSolution
		HideSolutionNode = FALSE
	EndGlobalSection
	GlobalSection(ProjectConfigurationPlatforms) = postSolution
		{F6CE2E37-9A69-49B4-A8C2-AD54343F78DC}.Debug|Any CPU.ActiveCfg = Debug|Any CPU
		{F6CE2E37-9A69-49B4-A8C2-AD54343F78DC}.Debug|Any CPU.Build.0 = Debug|Any CPU
		{F6CE2E37-9A69-49B4-A8C2-AD54343F78DC}.Debug|x64.ActiveCfg = Debug|Any CPU
		{F6CE2E37-9A69-49B4-A8C2-AD54343F78DC}.Debug|x64.Build.0 = Debug|Any CPU
		{F6CE2E37-9A69-49B4-A8C2-AD54343F78DC}.Debug|x86.ActiveCfg = Debug|Any CPU
		{F6CE2E37-9A69-49B4-A8C2-AD54343F78DC}.Debug|x86.Build.0 = Debug|Any CPU
		{F6CE2E37-9A69-49B4-A8C2-AD54343F78DC}.Release|Any CPU.ActiveCfg = Release|Any CPU
		{F6CE2E37-9A69-49B4-A8C2-AD54343F78DC}.Release|Any CPU.Build.0 = Release|Any CPU
		{F6CE2E37-9A69-49B4-A8C2-AD54343F78DC}.Release|x64.ActiveCfg = Release|Any CPU
		{F6CE2E37-9A69-49B4-A8C2-AD54343F78DC}.Release|x64.Build.0 = Release|Any CPU
		{F6CE2E37-9A69-49B4-A8C2-AD54343F78DC}.Release|x86.ActiveCfg = Release|Any CPU
		{F6CE2E37-9A69-49B4-A8C2-AD54343F78DC}.Release|x86.Build.0 = Release|Any CPU
		{77AC0E2A-2BB7-46E8-ACA2-82E5FEBB65B2}.Debug|Any CPU.ActiveCfg = Debug|Any CPU
		{77AC0E2A-2BB7-46E8-ACA2-82E5FEBB65B2}.Debug|Any CPU.Build.0 = Debug|Any CPU
		{77AC0E2A-2BB7-46E8-ACA2-82E5FEBB65B2}.Debug|x64.ActiveCfg = Debug|Any CPU
		{77AC0E2A-2BB7-46E8-ACA2-82E5FEBB65B2}.Debug|x64.Build.0 = Debug|Any CPU
		{77AC0E2A-2BB7-46E8-ACA2-82E5FEBB65B2}.Debug|x86.ActiveCfg = Debug|Any CPU
		{77AC0E2A-2BB7-46E8-ACA2-82E5FEBB65B2}.Debug|x86.Build.0 = Debug|Any CPU
		{77AC0E2A-2BB7-46E8-ACA2-82E5FEBB65B2}.Release|Any CPU.ActiveCfg = Release|Any CPU
		{77AC0E2A-2BB7-46E8-ACA2-82E5FEBB65B2}.Release|Any CPU.Build.0 = Release|Any CPU
		{77AC0E2A-2BB7-46E8-ACA2-82E5FEBB65B2}.Release|x64.ActiveCfg = Release|Any CPU
		{77AC0E2A-2BB7-46E8-ACA2-82E5FEBB65B2}.Release|x64.Build.0 = Release|Any CPU
		{77AC0E2A-2BB7-46E8-ACA2-82E5FEBB65B2}.Release|x86.ActiveCfg = Release|Any CPU
		{77AC0E2A-2BB7-46E8-ACA2-82E5FEBB65B2}.Release|x86.Build.0 = Release|Any CPU
		{F364E897-2D63-4ECD-B4B2-77C6AAEC67FB}.Debug|Any CPU.ActiveCfg = Debug|Any CPU
		{F364E897-2D63-4ECD-B4B2-77C6AAEC67FB}.Debug|Any CPU.Build.0 = Debug|Any CPU
		{F364E897-2D63-4ECD-B4B2-77C6AAEC67FB}.Debug|x64.ActiveCfg = Debug|Any CPU
		{F364E897-2D63-4ECD-B4B2-77C6AAEC67FB}.Debug|x64.Build.0 = Debug|Any CPU
		{F364E897-2D63-4ECD-B4B2-77C6AAEC67FB}.Debug|x86.ActiveCfg = Debug|Any CPU
		{F364E897-2D63-4ECD-B4B2-77C6AAEC67FB}.Debug|x86.Build.0 = Debug|Any CPU
		{F364E897-2D63-4ECD-B4B2-77C6AAEC67FB}.Release|Any CPU.ActiveCfg = Release|Any CPU
		{F364E897-2D63-4ECD-B4B2-77C6AAEC67FB}.Release|Any CPU.Build.0 = Release|Any CPU
		{F364E897-2D63-4ECD-B4B2-77C6AAEC67FB}.Release|x64.ActiveCfg = Release|Any CPU
		{F364E897-2D63-4ECD-B4B2-77C6AAEC67FB}.Release|x64.Build.0 = Release|Any CPU
		{F364E897-2D63-4ECD-B4B2-77C6AAEC67FB}.Release|x86.ActiveCfg = Release|Any CPU
		{F364E897-2D63-4ECD-B4B2-77C6AAEC67FB}.Release|x86.Build.0 = Release|Any CPU
		{BA4CD43F-1186-4732-B245-AE3A8C109D56}.Debug|Any CPU.ActiveCfg = Debug|Any CPU
		{BA4CD43F-1186-4732-B245-AE3A8C109D56}.Debug|Any CPU.Build.0 = Debug|Any CPU
		{BA4CD43F-1186-4732-B245-AE3A8C109D56}.Debug|x64.ActiveCfg = Debug|Any CPU
		{BA4CD43F-1186-4732-B245-AE3A8C109D56}.Debug|x64.Build.0 = Debug|Any CPU
		{BA4CD43F-1186-4732-B245-AE3A8C109D56}.Debug|x86.ActiveCfg = Debug|Any CPU
		{BA4CD43F-1186-4732-B245-AE3A8C109D56}.Debug|x86.Build.0 = Debug|Any CPU
		{BA4CD43F-1186-4732-B245-AE3A8C109D56}.Release|Any CPU.ActiveCfg = Release|Any CPU
		{BA4CD43F-1186-4732-B245-AE3A8C109D56}.Release|Any CPU.Build.0 = Release|Any CPU
		{BA4CD43F-1186-4732-B245-AE3A8C109D56}.Release|x64.ActiveCfg = Release|Any CPU
		{BA4CD43F-1186-4732-B245-AE3A8C109D56}.Release|x64.Build.0 = Release|Any CPU
		{BA4CD43F-1186-4732-B245-AE3A8C109D56}.Release|x86.ActiveCfg = Release|Any CPU
		{BA4CD43F-1186-4732-B245-AE3A8C109D56}.Release|x86.Build.0 = Release|Any CPU
	EndGlobalSection
EndGlobal
